// !$*UTF8*$!
{
	archiveVersion = 1;
	classes = {
	};
	objectVersion = 50;
	objects = {

/* Begin PBXBuildFile section */
		2509359C83AF96F5D4DB51DC /* Pods_RandomPhoto.framework in Frameworks */ = {isa = PBXBuildFile; fileRef = 5AF27952DBA0A9B8108B30CD /* Pods_RandomPhoto.framework */; };
		808E9A2B273FD81B00B80CCF /* AppDelegate.swift in Sources */ = {isa = PBXBuildFile; fileRef = 808E9A2A273FD81B00B80CCF /* AppDelegate.swift */; };
		808E9A2D273FD81B00B80CCF /* SceneDelegate.swift in Sources */ = {isa = PBXBuildFile; fileRef = 808E9A2C273FD81B00B80CCF /* SceneDelegate.swift */; };
		808E9A2F273FD81B00B80CCF /* ViewController.swift in Sources */ = {isa = PBXBuildFile; fileRef = 808E9A2E273FD81B00B80CCF /* ViewController.swift */; };
		808E9A32273FD81B00B80CCF /* Main.storyboard in Resources */ = {isa = PBXBuildFile; fileRef = 808E9A30273FD81B00B80CCF /* Main.storyboard */; };
		808E9A34273FD82100B80CCF /* Assets.xcassets in Resources */ = {isa = PBXBuildFile; fileRef = 808E9A33273FD82100B80CCF /* Assets.xcassets */; };
		808E9A37273FD82100B80CCF /* LaunchScreen.storyboard in Resources */ = {isa = PBXBuildFile; fileRef = 808E9A35273FD82100B80CCF /* LaunchScreen.storyboard */; };
/* End PBXBuildFile section */

/* Begin PBXFileReference section */
		3C1995646BDC750E9B81E74E /* Pods-RandomPhoto.debug.xcconfig */ = {isa = PBXFileReference; includeInIndex = 1; lastKnownFileType = text.xcconfig; name = "Pods-RandomPhoto.debug.xcconfig"; path = "Target Support Files/Pods-RandomPhoto/Pods-RandomPhoto.debug.xcconfig"; sourceTree = "<group>"; };
		3ED23547849A15BAF1549654 /* Pods-RandomPhoto.release.xcconfig */ = {isa = PBXFileReference; includeInIndex = 1; lastKnownFileType = text.xcconfig; name = "Pods-RandomPhoto.release.xcconfig"; path = "Target Support Files/Pods-RandomPhoto/Pods-RandomPhoto.release.xcconfig"; sourceTree = "<group>"; };
		5AF27952DBA0A9B8108B30CD /* Pods_RandomPhoto.framework */ = {isa = PBXFileReference; explicitFileType = wrapper.framework; includeInIndex = 0; path = Pods_RandomPhoto.framework; sourceTree = BUILT_PRODUCTS_DIR; };
		808E9A27273FD81B00B80CCF /* Random Photo.app */ = {isa = PBXFileReference; explicitFileType = wrapper.application; includeInIndex = 0; path = "Random Photo.app"; sourceTree = BUILT_PRODUCTS_DIR; };
		808E9A2A273FD81B00B80CCF /* AppDelegate.swift */ = {isa = PBXFileReference; lastKnownFileType = sourcecode.swift; path = AppDelegate.swift; sourceTree = "<group>"; };
		808E9A2C273FD81B00B80CCF /* SceneDelegate.swift */ = {isa = PBXFileReference; lastKnownFileType = sourcecode.swift; path = SceneDelegate.swift; sourceTree = "<group>"; };
		808E9A2E273FD81B00B80CCF /* ViewController.swift */ = {isa = PBXFileReference; lastKnownFileType = sourcecode.swift; path = ViewController.swift; sourceTree = "<group>"; };
		808E9A31273FD81B00B80CCF /* Base */ = {isa = PBXFileReference; lastKnownFileType = file.storyboard; name = Base; path = Base.lproj/Main.storyboard; sourceTree = "<group>"; };
		808E9A33273FD82100B80CCF /* Assets.xcassets */ = {isa = PBXFileReference; lastKnownFileType = folder.assetcatalog; path = Assets.xcassets; sourceTree = "<group>"; };
		808E9A36273FD82100B80CCF /* Base */ = {isa = PBXFileReference; lastKnownFileType = file.storyboard; name = Base; path = Base.lproj/LaunchScreen.storyboard; sourceTree = "<group>"; };
		808E9A38273FD82100B80CCF /* Info.plist */ = {isa = PBXFileReference; lastKnownFileType = text.plist.xml; path = Info.plist; sourceTree = "<group>"; };
/* End PBXFileReference section */

/* Begin PBXFrameworksBuildPhase section */
		808E9A24273FD81B00B80CCF /* Frameworks */ = {
			isa = PBXFrameworksBuildPhase;
			buildActionMask = 2147483647;
			files = (
				2509359C83AF96F5D4DB51DC /* Pods_RandomPhoto.framework in Frameworks */,
			);
			runOnlyForDeploymentPostprocessing = 0;
		};
/* End PBXFrameworksBuildPhase section */

/* Begin PBXGroup section */
		808E9A1E273FD81B00B80CCF = {
			isa = PBXGroup;
			children = (
				808E9A29273FD81B00B80CCF /* RandomPhoto */,
				808E9A28273FD81B00B80CCF /* Products */,
				AD7671310E2728A2B552EB47 /* Pods */,
				8D29580D11A4508539456267 /* Frameworks */,
			);
			sourceTree = "<group>";
		};
		808E9A28273FD81B00B80CCF /* Products */ = {
			isa = PBXGroup;
			children = (
				808E9A27273FD81B00B80CCF /* Random Photo.app */,
			);
			name = Products;
			sourceTree = "<group>";
		};
		808E9A29273FD81B00B80CCF /* RandomPhoto */ = {
			isa = PBXGroup;
			children = (
				808E9A2A273FD81B00B80CCF /* AppDelegate.swift */,
				808E9A2C273FD81B00B80CCF /* SceneDelegate.swift */,
				808E9A2E273FD81B00B80CCF /* ViewController.swift */,
				808E9A30273FD81B00B80CCF /* Main.storyboard */,
				808E9A33273FD82100B80CCF /* Assets.xcassets */,
				808E9A35273FD82100B80CCF /* LaunchScreen.storyboard */,
				808E9A38273FD82100B80CCF /* Info.plist */,
			);
			path = RandomPhoto;
			sourceTree = "<group>";
		};
		8D29580D11A4508539456267 /* Frameworks */ = {
			isa = PBXGroup;
			children = (
				5AF27952DBA0A9B8108B30CD /* Pods_RandomPhoto.framework */,
			);
			name = Frameworks;
			sourceTree = "<group>";
		};
		AD7671310E2728A2B552EB47 /* Pods */ = {
			isa = PBXGroup;
			children = (
				3C1995646BDC750E9B81E74E /* Pods-RandomPhoto.debug.xcconfig */,
				3ED23547849A15BAF1549654 /* Pods-RandomPhoto.release.xcconfig */,
			);
			name = Pods;
			path = Pods;
			sourceTree = "<group>";
		};
/* End PBXGroup section */

/* Begin PBXNativeTarget section */
		808E9A26273FD81B00B80CCF /* RandomPhoto */ = {
			isa = PBXNativeTarget;
			buildConfigurationList = 808E9A3B273FD82100B80CCF /* Build configuration list for PBXNativeTarget "RandomPhoto" */;
			buildPhases = (
				6B2517F94CDCD19C23BF54DA /* [CP] Check Pods Manifest.lock */,
				808E9A23273FD81B00B80CCF /* Sources */,
				808E9A24273FD81B00B80CCF /* Frameworks */,
				808E9A25273FD81B00B80CCF /* Resources */,
				FD94C5EAC81CDAEE4F4610DD /* [CP] Embed Pods Frameworks */,
			);
			buildRules = (
			);
			dependencies = (
			);
			name = RandomPhoto;
			productName = RandomPhoto;
			productReference = 808E9A27273FD81B00B80CCF /* Random Photo.app */;
			productType = "com.apple.product-type.application";
		};
/* End PBXNativeTarget section */

/* Begin PBXProject section */
		808E9A1F273FD81B00B80CCF /* Project object */ = {
			isa = PBXProject;
			attributes = {
				LastSwiftUpdateCheck = 1170;
				LastUpgradeCheck = 1170;
				ORGANIZATIONNAME = KirillGavrilov;
				TargetAttributes = {
					808E9A26273FD81B00B80CCF = {
						CreatedOnToolsVersion = 11.7;
					};
				};
			};
			buildConfigurationList = 808E9A22273FD81B00B80CCF /* Build configuration list for PBXProject "RandomPhoto" */;
			compatibilityVersion = "Xcode 9.3";
			developmentRegion = en;
			hasScannedForEncodings = 0;
			knownRegions = (
				en,
				Base,
			);
			mainGroup = 808E9A1E273FD81B00B80CCF;
			productRefGroup = 808E9A28273FD81B00B80CCF /* Products */;
			projectDirPath = "";
			projectRoot = "";
			targets = (
				808E9A26273FD81B00B80CCF /* RandomPhoto */,
			);
		};
/* End PBXProject section */

/* Begin PBXResourcesBuildPhase section */
		808E9A25273FD81B00B80CCF /* Resources */ = {
			isa = PBXResourcesBuildPhase;
			buildActionMask = 2147483647;
			files = (
				808E9A37273FD82100B80CCF /* LaunchScreen.storyboard in Resources */,
				808E9A34273FD82100B80CCF /* Assets.xcassets in Resources */,
				808E9A32273FD81B00B80CCF /* Main.storyboard in Resources */,
			);
			runOnlyForDeploymentPostprocessing = 0;
		};
/* End PBXResourcesBuildPhase section */

/* Begin PBXShellScriptBuildPhase section */
		6B2517F94CDCD19C23BF54DA /* [CP] Check Pods Manifest.lock */ = {
			isa = PBXShellScriptBuildPhase;
			buildActionMask = 2147483647;
			files = (
			);
			inputFileListPaths = (
			);
			inputPaths = (
				"${PODS_PODFILE_DIR_PATH}/Podfile.lock",
				"${PODS_ROOT}/Manifest.lock",
			);
			name = "[CP] Check Pods Manifest.lock";
			outputFileListPaths = (
			);
			outputPaths = (
				"$(DERIVED_FILE_DIR)/Pods-RandomPhoto-checkManifestLockResult.txt",
			);
			runOnlyForDeploymentPostprocessing = 0;
			shellPath = /bin/sh;
			shellScript = "diff \"${PODS_PODFILE_DIR_PATH}/Podfile.lock\" \"${PODS_ROOT}/Manifest.lock\" > /dev/null\nif [ $? != 0 ] ; then\n    # print error to STDERR\n    echo \"error: The sandbox is not in sync with the Podfile.lock. Run 'pod install' or update your CocoaPods installation.\" >&2\n    exit 1\nfi\n# This output is used by Xcode 'outputs' to avoid re-running this script phase.\necho \"SUCCESS\" > \"${SCRIPT_OUTPUT_FILE_0}\"\n";
			showEnvVarsInLog = 0;
		};
		FD94C5EAC81CDAEE4F4610DD /* [CP] Embed Pods Frameworks */ = {
			isa = PBXShellScriptBuildPhase;
			buildActionMask = 2147483647;
			files = (
			);
			inputFileListPaths = (
				"${PODS_ROOT}/Target Support Files/Pods-RandomPhoto/Pods-RandomPhoto-frameworks-${CONFIGURATION}-input-files.xcfilelist",
			);
			name = "[CP] Embed Pods Frameworks";
			outputFileListPaths = (
				"${PODS_ROOT}/Target Support Files/Pods-RandomPhoto/Pods-RandomPhoto-frameworks-${CONFIGURATION}-output-files.xcfilelist",
			);
			runOnlyForDeploymentPostprocessing = 0;
			shellPath = /bin/sh;
			shellScript = "\"${PODS_ROOT}/Target Support Files/Pods-RandomPhoto/Pods-RandomPhoto-frameworks.sh\"\n";
			showEnvVarsInLog = 0;
		};
/* End PBXShellScriptBuildPhase section */

/* Begin PBXSourcesBuildPhase section */
		808E9A23273FD81B00B80CCF /* Sources */ = {
			isa = PBXSourcesBuildPhase;
			buildActionMask = 2147483647;
			files = (
				808E9A2F273FD81B00B80CCF /* ViewController.swift in Sources */,
				808E9A2B273FD81B00B80CCF /* AppDelegate.swift in Sources */,
				808E9A2D273FD81B00B80CCF /* SceneDelegate.swift in Sources */,
			);
			runOnlyForDeploymentPostprocessing = 0;
		};
/* End PBXSourcesBuildPhase section */

/* Begin PBXVariantGroup section */
		808E9A30273FD81B00B80CCF /* Main.storyboard */ = {
			isa = PBXVariantGroup;
			children = (
				808E9A31273FD81B00B80CCF /* Base */,
			);
			name = Main.storyboard;
			sourceTree = "<group>";
		};
		808E9A35273FD82100B80CCF /* LaunchScreen.storyboard */ = {
			isa = PBXVariantGroup;
			children = (
				808E9A36273FD82100B80CCF /* Base */,
			);
			name = LaunchScreen.storyboard;
			sourceTree = "<group>";
		};
/* End PBXVariantGroup section */

/* Begin XCBuildConfiguration section */
		808E9A39273FD82100B80CCF /* Debug */ = {
			isa = XCBuildConfiguration;
			buildSettings = {
				ALWAYS_SEARCH_USER_PATHS = NO;
				CLANG_ANALYZER_NONNULL = YES;
				CLANG_ANALYZER_NUMBER_OBJECT_CONVERSION = YES_AGGRESSIVE;
				CLANG_CXX_LANGUAGE_STANDARD = "gnu++14";
				CLANG_CXX_LIBRARY = "libc++";
				CLANG_ENABLE_MODULES = YES;
				CLANG_ENABLE_OBJC_ARC = YES;
				CLANG_ENABLE_OBJC_WEAK = YES;
				CLANG_WARN_BLOCK_CAPTURE_AUTORELEASING = YES;
				CLANG_WARN_BOOL_CONVERSION = YES;
				CLANG_WARN_COMMA = YES;
				CLANG_WARN_CONSTANT_CONVERSION = YES;
				CLANG_WARN_DEPRECATED_OBJC_IMPLEMENTATIONS = YES;
				CLANG_WARN_DIRECT_OBJC_ISA_USAGE = YES_ERROR;
				CLANG_WARN_DOCUMENTATION_COMMENTS = YES;
				CLANG_WARN_EMPTY_BODY = YES;
				CLANG_WARN_ENUM_CONVERSION = YES;
				CLANG_WARN_INFINITE_RECURSION = YES;
				CLANG_WARN_INT_CONVERSION = YES;
				CLANG_WARN_NON_LITERAL_NULL_CONVERSION = YES;
				CLANG_WARN_OBJC_IMPLICIT_RETAIN_SELF = YES;
				CLANG_WARN_OBJC_LITERAL_CONVERSION = YES;
				CLANG_WARN_OBJC_ROOT_CLASS = YES_ERROR;
				CLANG_WARN_RANGE_LOOP_ANALYSIS = YES;
				CLANG_WARN_STRICT_PROTOTYPES = YES;
				CLANG_WARN_SUSPICIOUS_MOVE = YES;
				CLANG_WARN_UNGUARDED_AVAILABILITY = YES_AGGRESSIVE;
				CLANG_WARN_UNREACHABLE_CODE = YES;
				CLANG_WARN__DUPLICATE_METHOD_MATCH = YES;
				COPY_PHASE_STRIP = NO;
				DEBUG_INFORMATION_FORMAT = dwarf;
				ENABLE_STRICT_OBJC_MSGSEND = YES;
				ENABLE_TESTABILITY = YES;
				GCC_C_LANGUAGE_STANDARD = gnu11;
				GCC_DYNAMIC_NO_PIC = NO;
				GCC_NO_COMMON_BLOCKS = YES;
				GCC_OPTIMIZATION_LEVEL = 0;
				GCC_PREPROCESSOR_DEFINITIONS = (
					"DEBUG=1",
					"$(inherited)",
				);
				GCC_WARN_64_TO_32_BIT_CONVERSION = YES;
				GCC_WARN_ABOUT_RETURN_TYPE = YES_ERROR;
				GCC_WARN_UNDECLARED_SELECTOR = YES;
				GCC_WARN_UNINITIALIZED_AUTOS = YES_AGGRESSIVE;
				GCC_WARN_UNUSED_FUNCTION = YES;
				GCC_WARN_UNUSED_VARIABLE = YES;
				IPHONEOS_DEPLOYMENT_TARGET = 13.7;
				MTL_ENABLE_DEBUG_INFO = INCLUDE_SOURCE;
				MTL_FAST_MATH = YES;
				ONLY_ACTIVE_ARCH = YES;
				SDKROOT = iphoneos;
				SWIFT_ACTIVE_COMPILATION_CONDITIONS = DEBUG;
				SWIFT_OPTIMIZATION_LEVEL = "-Onone";
			};
			name = Debug;
		};
		808E9A3A273FD82100B80CCF /* Release */ = {
			isa = XCBuildConfiguration;
			buildSettings = {
				ALWAYS_SEARCH_USER_PATHS = NO;
				CLANG_ANALYZER_NONNULL = YES;
				CLANG_ANALYZER_NUMBER_OBJECT_CONVERSION = YES_AGGRESSIVE;
				CLANG_CXX_LANGUAGE_STANDARD = "gnu++14";
				CLANG_CXX_LIBRARY = "libc++";
				CLANG_ENABLE_MODULES = YES;
				CLANG_ENABLE_OBJC_ARC = YES;
				CLANG_ENABLE_OBJC_WEAK = YES;
				CLANG_WARN_BLOCK_CAPTURE_AUTORELEASING = YES;
				CLANG_WARN_BOOL_CONVERSION = YES;
				CLANG_WARN_COMMA = YES;
				CLANG_WARN_CONSTANT_CONVERSION = YES;
				CLANG_WARN_DEPRECATED_OBJC_IMPLEMENTATIONS = YES;
				CLANG_WARN_DIRECT_OBJC_ISA_USAGE = YES_ERROR;
				CLANG_WARN_DOCUMENTATION_COMMENTS = YES;
				CLANG_WARN_EMPTY_BODY = YES;
				CLANG_WARN_ENUM_CONVERSION = YES;
				CLANG_WARN_INFINITE_RECURSION = YES;
				CLANG_WARN_INT_CONVERSION = YES;
				CLANG_WARN_NON_LITERAL_NULL_CONVERSION = YES;
				CLANG_WARN_OBJC_IMPLICIT_RETAIN_SELF = YES;
				CLANG_WARN_OBJC_LITERAL_CONVERSION = YES;
				CLANG_WARN_OBJC_ROOT_CLASS = YES_ERROR;
				CLANG_WARN_RANGE_LOOP_ANALYSIS = YES;
				CLANG_WARN_STRICT_PROTOTYPES = YES;
				CLANG_WARN_SUSPICIOUS_MOVE = YES;
				CLANG_WARN_UNGUARDED_AVAILABILITY = YES_AGGRESSIVE;
				CLANG_WARN_UNREACHABLE_CODE = YES;
				CLANG_WARN__DUPLICATE_METHOD_MATCH = YES;
				COPY_PHASE_STRIP = NO;
				DEBUG_INFORMATION_FORMAT = "dwarf-with-dsym";
				ENABLE_NS_ASSERTIONS = NO;
				ENABLE_STRICT_OBJC_MSGSEND = YES;
				GCC_C_LANGUAGE_STANDARD = gnu11;
				GCC_NO_COMMON_BLOCKS = YES;
				GCC_WARN_64_TO_32_BIT_CONVERSION = YES;
				GCC_WARN_ABOUT_RETURN_TYPE = YES_ERROR;
				GCC_WARN_UNDECLARED_SELECTOR = YES;
				GCC_WARN_UNINITIALIZED_AUTOS = YES_AGGRESSIVE;
				GCC_WARN_UNUSED_FUNCTION = YES;
				GCC_WARN_UNUSED_VARIABLE = YES;
				IPHONEOS_DEPLOYMENT_TARGET = 13.7;
				MTL_ENABLE_DEBUG_INFO = NO;
				MTL_FAST_MATH = YES;
				SDKROOT = iphoneos;
				SWIFT_COMPILATION_MODE = wholemodule;
				SWIFT_OPTIMIZATION_LEVEL = "-O";
				VALIDATE_PRODUCT = YES;
			};
			name = Release;
		};
		808E9A3C273FD82100B80CCF /* Debug */ = {
			isa = XCBuildConfiguration;
			baseConfigurationReference = 3C1995646BDC750E9B81E74E /* Pods-RandomPhoto.debug.xcconfig */;
			buildSettings = {
				ASSETCATALOG_COMPILER_APPICON_NAME = AppIcon;
				CODE_SIGN_STYLE = Automatic;
				DEVELOPMENT_TEAM = AQ433J749N;
				INFOPLIST_FILE = RandomPhoto/Info.plist;
				LD_RUNPATH_SEARCH_PATHS = (
					"$(inherited)",
					"@executable_path/Frameworks",
				);
				PRODUCT_BUNDLE_IDENTIFIER = KG.RandomPhoto;
				PRODUCT_NAME = "Random Photo";
				SWIFT_VERSION = 5.0;
				TARGETED_DEVICE_FAMILY = 1;
			};
			name = Debug;
		};
		808E9A3D273FD82100B80CCF /* Release */ = {
			isa = XCBuildConfiguration;
			baseConfigurationReference = 3ED23547849A15BAF1549654 /* Pods-RandomPhoto.release.xcconfig */;
			buildSettings = {
				ASSETCATALOG_COMPILER_APPICON_NAME = AppIcon;
				CODE_SIGN_STYLE = Automatic;
				DEVELOPMENT_TEAM = AQ433J749N;
				INFOPLIST_FILE = RandomPhoto/Info.plist;
				LD_RUNPATH_SEARCH_PATHS = (
					"$(inherited)",
					"@executable_path/Frameworks",
				);
				PRODUCT_BUNDLE_IDENTIFIER = KG.RandomPhoto;
				PRODUCT_NAME = "Random Photo";
				SWIFT_VERSION = 5.0;
				TARGETED_DEVICE_FAMILY = 1;
			};
			name = Release;
		};
/* End XCBuildConfiguration section */

/* Begin XCConfigurationList section */
		808E9A22273FD81B00B80CCF /* Build configuration list for PBXProject "RandomPhoto" */ = {
			isa = XCConfigurationList;
			buildConfigurations = (
				808E9A39273FD82100B80CCF /* Debug */,
				808E9A3A273FD82100B80CCF /* Release */,
			);
			defaultConfigurationIsVisible = 0;
			defaultConfigurationName = Release;
		};
		808E9A3B273FD82100B80CCF /* Build configuration list for PBXNativeTarget "RandomPhoto" */ = {
			isa = XCConfigurationList;
			buildConfigurations = (
				808E9A3C273FD82100B80CCF /* Debug */,
				808E9A3D273FD82100B80CCF /* Release */,
			);
			defaultConfigurationIsVisible = 0;
			defaultConfigurationName = Release;
		};
/* End XCConfigurationList section */
	};
	rootObject = 808E9A1F273FD81B00B80CCF /* Project object */;
}
